PODS:
  - AFNetworking (3.2.1):
    - AFNetworking/NSURLSession (= 3.2.1)
    - AFNetworking/Reachability (= 3.2.1)
    - AFNetworking/Security (= 3.2.1)
    - AFNetworking/Serialization (= 3.2.1)
    - AFNetworking/UIKit (= 3.2.1)
  - AFNetworking/NSURLSession (3.2.1):
    - AFNetworking/Reachability
    - AFNetworking/Security
    - AFNetworking/Serialization
  - AFNetworking/Reachability (3.2.1)
  - AFNetworking/Security (3.2.1)
  - AFNetworking/Serialization (3.2.1)
  - AFNetworking/UIKit (3.2.1):
    - AFNetworking/NSURLSession
  - DZNEmptyDataSet (1.8.1)
  - Masonry (1.1.0)
  - MJExtension (3.0.15.1)
  - MJRefresh (3.1.15.7)
  - MMKV (1.0.15)
  - ReactiveObjC (3.1.0)
  - SDCycleScrollView (1.75):
    - SDWebImage (>= 4.0.0)
  - SDWebImage (4.4.3):
    - SDWebImage/Core (= 4.4.3)
  - SDWebImage/Core (4.4.3)
  - SVProgressHUD (2.2.5)
  - TZImagePickerController (3.1.5)

DEPENDENCIES:
  - AFNetworking (~> 3.0)
  - DZNEmptyDataSet (~> 1.8.1)
  - Masonry
  - MJExtension
  - MJRefresh
  - MMKV
  - ReactiveObjC (~> 3.1.0)
  - SDCycleScrollView (~> 1.75)
  - SDWebImage (~> 4.0)
  - SVProgressHUD
  - TZImagePickerController

SPEC REPOS:
  https://github.com/cocoapods/specs.git:
    - AFNetworking
    - DZNEmptyDataSet
    - Masonry
    - MJExtension
    - MJRefresh
    - MMKV
    - ReactiveObjC
    - SDCycleScrollView
    - SDWebImage
    - SVProgressHUD
    - TZImagePickerController

SPEC CHECKSUMS:
  AFNetworking: b6f891fdfaed196b46c7a83cf209e09697b94057
  DZNEmptyDataSet: 9525833b9e68ac21c30253e1d3d7076cc828eaa7
  Masonry: 678fab65091a9290e40e2832a55e7ab731aad201
  MJExtension: 19bc33ce2eee2d319760f5622562cf581a6ff756
  MJRefresh: 697f8ec75ebdbe9207767bb682cf0f51b0d8a41f
  MMKV: 483b0633edc3be228cb3ce1f36e9ab9cd85ed6db
  ReactiveObjC: 2a38ea15335de4119d8b17caf1db1484f61db902
  SDCycleScrollView: 884b88f0266dd4708a0e1934975c69cb971707b1
  SDWebImage: c5594f1a19c48d526d321e548902b56b479cd508
  SVProgressHUD: 1428aafac632c1f86f62aa4243ec12008d7a51d6
  TZImagePickerController: 6cc6e9c1a73bb8e62cfef98fd40af2d90634dcf5

PODFILE CHECKSUM: d15c2c5fcd791e11489d8f5f4fcd9ac5025c17e4

COCOAPODS: 1.6.0.beta.2
