// !$*UTF8*$!
{
	archiveVersion = 1;
	classes = {
	};
	objectVersion = 51;
	objects = {

/* Begin PBXBuildFile section */
		49CCA156FE349921C55021BD /* Pods_Socket.framework in Frameworks */ = {isa = PBXBuildFile; fileRef = 35DA6C0040C8293052826BBB /* Pods_Socket.framework */; };
		59D7614923556B0500EA93AF /* AppDelegate.m in Sources */ = {isa = PBXBuildFile; fileRef = 59D7614823556B0500EA93AF /* AppDelegate.m */; };
		59D7614C23556B0500EA93AF /* SceneDelegate.m in Sources */ = {isa = PBXBuildFile; fileRef = 59D7614B23556B0500EA93AF /* SceneDelegate.m */; };
		59D7614F23556B0500EA93AF /* ViewController.m in Sources */ = {isa = PBXBuildFile; fileRef = 59D7614E23556B0500EA93AF /* ViewController.m */; };
		59D7615223556B0500EA93AF /* Main.storyboard in Resources */ = {isa = PBXBuildFile; fileRef = 59D7615023556B0500EA93AF /* Main.storyboard */; };
		59D7615423556B0900EA93AF /* Assets.xcassets in Resources */ = {isa = PBXBuildFile; fileRef = 59D7615323556B0900EA93AF /* Assets.xcassets */; };
		59D7615723556B0900EA93AF /* LaunchScreen.storyboard in Resources */ = {isa = PBXBuildFile; fileRef = 59D7615523556B0900EA93AF /* LaunchScreen.storyboard */; };
		59D7615A23556B0900EA93AF /* main.m in Sources */ = {isa = PBXBuildFile; fileRef = 59D7615923556B0900EA93AF /* main.m */; };
		59D7616223559BFB00EA93AF /* Singleton.m in Sources */ = {isa = PBXBuildFile; fileRef = 59D7616123559BFB00EA93AF /* Singleton.m */; };
/* End PBXBuildFile section */

/* Begin PBXFileReference section */
		35DA6C0040C8293052826BBB /* Pods_Socket.framework */ = {isa = PBXFileReference; explicitFileType = wrapper.framework; includeInIndex = 0; path = Pods_Socket.framework; sourceTree = BUILT_PRODUCTS_DIR; };
		41A3264A3F6916D9EB6A8E92 /* Pods-Socket.debug.xcconfig */ = {isa = PBXFileReference; includeInIndex = 1; lastKnownFileType = text.xcconfig; name = "Pods-Socket.debug.xcconfig"; path = "Target Support Files/Pods-Socket/Pods-Socket.debug.xcconfig"; sourceTree = "<group>"; };
		53601667247D8B3A68A518EF /* Pods-Socket.release.xcconfig */ = {isa = PBXFileReference; includeInIndex = 1; lastKnownFileType = text.xcconfig; name = "Pods-Socket.release.xcconfig"; path = "Target Support Files/Pods-Socket/Pods-Socket.release.xcconfig"; sourceTree = "<group>"; };
		59D7614423556B0500EA93AF /* Socket.app */ = {isa = PBXFileReference; explicitFileType = wrapper.application; includeInIndex = 0; path = Socket.app; sourceTree = BUILT_PRODUCTS_DIR; };
		59D7614723556B0500EA93AF /* AppDelegate.h */ = {isa = PBXFileReference; lastKnownFileType = sourcecode.c.h; path = AppDelegate.h; sourceTree = "<group>"; };
		59D7614823556B0500EA93AF /* AppDelegate.m */ = {isa = PBXFileReference; lastKnownFileType = sourcecode.c.objc; path = AppDelegate.m; sourceTree = "<group>"; };
		59D7614A23556B0500EA93AF /* SceneDelegate.h */ = {isa = PBXFileReference; lastKnownFileType = sourcecode.c.h; path = SceneDelegate.h; sourceTree = "<group>"; };
		59D7614B23556B0500EA93AF /* SceneDelegate.m */ = {isa = PBXFileReference; lastKnownFileType = sourcecode.c.objc; path = SceneDelegate.m; sourceTree = "<group>"; };
		59D7614D23556B0500EA93AF /* ViewController.h */ = {isa = PBXFileReference; lastKnownFileType = sourcecode.c.h; path = ViewController.h; sourceTree = "<group>"; };
		59D7614E23556B0500EA93AF /* ViewController.m */ = {isa = PBXFileReference; lastKnownFileType = sourcecode.c.objc; path = ViewController.m; sourceTree = "<group>"; };
		59D7615123556B0500EA93AF /* Base */ = {isa = PBXFileReference; lastKnownFileType = file.storyboard; name = Base; path = Base.lproj/Main.storyboard; sourceTree = "<group>"; };
		59D7615323556B0900EA93AF /* Assets.xcassets */ = {isa = PBXFileReference; lastKnownFileType = folder.assetcatalog; path = Assets.xcassets; sourceTree = "<group>"; };
		59D7615623556B0900EA93AF /* Base */ = {isa = PBXFileReference; lastKnownFileType = file.storyboard; name = Base; path = Base.lproj/LaunchScreen.storyboard; sourceTree = "<group>"; };
		59D7615823556B0900EA93AF /* Info.plist */ = {isa = PBXFileReference; lastKnownFileType = text.plist.xml; path = Info.plist; sourceTree = "<group>"; };
		59D7615923556B0900EA93AF /* main.m */ = {isa = PBXFileReference; lastKnownFileType = sourcecode.c.objc; path = main.m; sourceTree = "<group>"; };
		59D7616023559BFB00EA93AF /* Singleton.h */ = {isa = PBXFileReference; lastKnownFileType = sourcecode.c.h; path = Singleton.h; sourceTree = "<group>"; };
		59D7616123559BFB00EA93AF /* Singleton.m */ = {isa = PBXFileReference; lastKnownFileType = sourcecode.c.objc; path = Singleton.m; sourceTree = "<group>"; };
/* End PBXFileReference section */

/* Begin PBXFrameworksBuildPhase section */
		59D7614123556B0500EA93AF /* Frameworks */ = {
			isa = PBXFrameworksBuildPhase;
			buildActionMask = 2147483647;
			files = (
				49CCA156FE349921C55021BD /* Pods_Socket.framework in Frameworks */,
			);
			runOnlyForDeploymentPostprocessing = 0;
		};
/* End PBXFrameworksBuildPhase section */

/* Begin PBXGroup section */
		59D7613B23556B0500EA93AF = {
			isa = PBXGroup;
			children = (
				59D7614623556B0500EA93AF /* Socket */,
				59D7614523556B0500EA93AF /* Products */,
				8B1E2C65A89D77D19709A33D /* Pods */,
				A8721D74B5EB2424A6A528DC /* Frameworks */,
			);
			sourceTree = "<group>";
		};
		59D7614523556B0500EA93AF /* Products */ = {
			isa = PBXGroup;
			children = (
				59D7614423556B0500EA93AF /* Socket.app */,
			);
			name = Products;
			sourceTree = "<group>";
		};
		59D7614623556B0500EA93AF /* Socket */ = {
			isa = PBXGroup;
			children = (
				59D7614723556B0500EA93AF /* AppDelegate.h */,
				59D7614823556B0500EA93AF /* AppDelegate.m */,
				59D7614A23556B0500EA93AF /* SceneDelegate.h */,
				59D7614B23556B0500EA93AF /* SceneDelegate.m */,
				59D7614D23556B0500EA93AF /* ViewController.h */,
				59D7614E23556B0500EA93AF /* ViewController.m */,
				59D7616023559BFB00EA93AF /* Singleton.h */,
				59D7616123559BFB00EA93AF /* Singleton.m */,
				59D7615023556B0500EA93AF /* Main.storyboard */,
				59D7615323556B0900EA93AF /* Assets.xcassets */,
				59D7615523556B0900EA93AF /* LaunchScreen.storyboard */,
				59D7615823556B0900EA93AF /* Info.plist */,
				59D7615923556B0900EA93AF /* main.m */,
			);
			path = Socket;
			sourceTree = "<group>";
		};
		8B1E2C65A89D77D19709A33D /* Pods */ = {
			isa = PBXGroup;
			children = (
				41A3264A3F6916D9EB6A8E92 /* Pods-Socket.debug.xcconfig */,
				53601667247D8B3A68A518EF /* Pods-Socket.release.xcconfig */,
			);
			path = Pods;
			sourceTree = "<group>";
		};
		A8721D74B5EB2424A6A528DC /* Frameworks */ = {
			isa = PBXGroup;
			children = (
				35DA6C0040C8293052826BBB /* Pods_Socket.framework */,
			);
			name = Frameworks;
			sourceTree = "<group>";
		};
/* End PBXGroup section */

/* Begin PBXNativeTarget section */
		59D7614323556B0500EA93AF /* Socket */ = {
			isa = PBXNativeTarget;
			buildConfigurationList = 59D7615D23556B0900EA93AF /* Build configuration list for PBXNativeTarget "Socket" */;
			buildPhases = (
				50ADC41F22DDAAA60334D578 /* [CP] Check Pods Manifest.lock */,
				59D7614023556B0500EA93AF /* Sources */,
				59D7614123556B0500EA93AF /* Frameworks */,
				59D7614223556B0500EA93AF /* Resources */,
				401534EBFD3B05C83A12E019 /* [CP] Embed Pods Frameworks */,
			);
			buildRules = (
			);
			dependencies = (
			);
			name = Socket;
			productName = Socket;
			productReference = 59D7614423556B0500EA93AF /* Socket.app */;
			productType = "com.apple.product-type.application";
		};
/* End PBXNativeTarget section */

/* Begin PBXProject section */
		59D7613C23556B0500EA93AF /* Project object */ = {
			isa = PBXProject;
			attributes = {
				LastUpgradeCheck = 1100;
				ORGANIZATIONNAME = JY;
				TargetAttributes = {
					59D7614323556B0500EA93AF = {
						CreatedOnToolsVersion = 11.0;
					};
				};
			};
			buildConfigurationList = 59D7613F23556B0500EA93AF /* Build configuration list for PBXProject "Socket" */;
			compatibilityVersion = "Xcode 9.3";
			developmentRegion = en;
			hasScannedForEncodings = 0;
			knownRegions = (
				en,
				Base,
			);
			mainGroup = 59D7613B23556B0500EA93AF;
			productRefGroup = 59D7614523556B0500EA93AF /* Products */;
			projectDirPath = "";
			projectRoot = "";
			targets = (
				59D7614323556B0500EA93AF /* Socket */,
			);
		};
/* End PBXProject section */

/* Begin PBXResourcesBuildPhase section */
		59D7614223556B0500EA93AF /* Resources */ = {
			isa = PBXResourcesBuildPhase;
			buildActionMask = 2147483647;
			files = (
				59D7615723556B0900EA93AF /* LaunchScreen.storyboard in Resources */,
				59D7615423556B0900EA93AF /* Assets.xcassets in Resources */,
				59D7615223556B0500EA93AF /* Main.storyboard in Resources */,
			);
			runOnlyForDeploymentPostprocessing = 0;
		};
/* End PBXResourcesBuildPhase section */

/* Begin PBXShellScriptBuildPhase section */
		401534EBFD3B05C83A12E019 /* [CP] Embed Pods Frameworks */ = {
			isa = PBXShellScriptBuildPhase;
			buildActionMask = 2147483647;
			files = (
			);
			inputFileListPaths = (
				"${PODS_ROOT}/Target Support Files/Pods-Socket/Pods-Socket-frameworks-${CONFIGURATION}-input-files.xcfilelist",
			);
			name = "[CP] Embed Pods Frameworks";
			outputFileListPaths = (
				"${PODS_ROOT}/Target Support Files/Pods-Socket/Pods-Socket-frameworks-${CONFIGURATION}-output-files.xcfilelist",
			);
			runOnlyForDeploymentPostprocessing = 0;
			shellPath = /bin/sh;
			shellScript = "\"${PODS_ROOT}/Target Support Files/Pods-Socket/Pods-Socket-frameworks.sh\"\n";
			showEnvVarsInLog = 0;
		};
		50ADC41F22DDAAA60334D578 /* [CP] Check Pods Manifest.lock */ = {
			isa = PBXShellScriptBuildPhase;
			buildActionMask = 2147483647;
			files = (
			);
			inputFileListPaths = (
			);
			inputPaths = (
				"${PODS_PODFILE_DIR_PATH}/Podfile.lock",
				"${PODS_ROOT}/Manifest.lock",
			);
			name = "[CP] Check Pods Manifest.lock";
			outputFileListPaths = (
			);
			outputPaths = (
				"$(DERIVED_FILE_DIR)/Pods-Socket-checkManifestLockResult.txt",
			);
			runOnlyForDeploymentPostprocessing = 0;
			shellPath = /bin/sh;
			shellScript = "diff \"${PODS_PODFILE_DIR_PATH}/Podfile.lock\" \"${PODS_ROOT}/Manifest.lock\" > /dev/null\nif [ $? != 0 ] ; then\n    # print error to STDERR\n    echo \"error: The sandbox is not in sync with the Podfile.lock. Run 'pod install' or update your CocoaPods installation.\" >&2\n    exit 1\nfi\n# This output is used by Xcode 'outputs' to avoid re-running this script phase.\necho \"SUCCESS\" > \"${SCRIPT_OUTPUT_FILE_0}\"\n";
			showEnvVarsInLog = 0;
		};
/* End PBXShellScriptBuildPhase section */

/* Begin PBXSourcesBuildPhase section */
		59D7614023556B0500EA93AF /* Sources */ = {
			isa = PBXSourcesBuildPhase;
			buildActionMask = 2147483647;
			files = (
				59D7614F23556B0500EA93AF /* ViewController.m in Sources */,
				59D7614923556B0500EA93AF /* AppDelegate.m in Sources */,
				59D7615A23556B0900EA93AF /* main.m in Sources */,
				59D7614C23556B0500EA93AF /* SceneDelegate.m in Sources */,
				59D7616223559BFB00EA93AF /* Singleton.m in Sources */,
			);
			runOnlyForDeploymentPostprocessing = 0;
		};
/* End PBXSourcesBuildPhase section */

/* Begin PBXVariantGroup section */
		59D7615023556B0500EA93AF /* Main.storyboard */ = {
			isa = PBXVariantGroup;
			children = (
				59D7615123556B0500EA93AF /* Base */,
			);
			name = Main.storyboard;
			sourceTree = "<group>";
		};
		59D7615523556B0900EA93AF /* LaunchScreen.storyboard */ = {
			isa = PBXVariantGroup;
			children = (
				59D7615623556B0900EA93AF /* Base */,
			);
			name = LaunchScreen.storyboard;
			sourceTree = "<group>";
		};
/* End PBXVariantGroup section */

/* Begin XCBuildConfiguration section */
		59D7615B23556B0900EA93AF /* Debug */ = {
			isa = XCBuildConfiguration;
			buildSettings = {
				ALWAYS_SEARCH_USER_PATHS = NO;
				CLANG_ANALYZER_NONNULL = YES;
				CLANG_ANALYZER_NUMBER_OBJECT_CONVERSION = YES_AGGRESSIVE;
				CLANG_CXX_LANGUAGE_STANDARD = "gnu++14";
				CLANG_CXX_LIBRARY = "libc++";
				CLANG_ENABLE_MODULES = YES;
				CLANG_ENABLE_OBJC_ARC = YES;
				CLANG_ENABLE_OBJC_WEAK = YES;
				CLANG_WARN_BLOCK_CAPTURE_AUTORELEASING = YES;
				CLANG_WARN_BOOL_CONVERSION = YES;
				CLANG_WARN_COMMA = YES;
				CLANG_WARN_CONSTANT_CONVERSION = YES;
				CLANG_WARN_DEPRECATED_OBJC_IMPLEMENTATIONS = YES;
				CLANG_WARN_DIRECT_OBJC_ISA_USAGE = YES_ERROR;
				CLANG_WARN_DOCUMENTATION_COMMENTS = YES;
				CLANG_WARN_EMPTY_BODY = YES;
				CLANG_WARN_ENUM_CONVERSION = YES;
				CLANG_WARN_INFINITE_RECURSION = YES;
				CLANG_WARN_INT_CONVERSION = YES;
				CLANG_WARN_NON_LITERAL_NULL_CONVERSION = YES;
				CLANG_WARN_OBJC_IMPLICIT_RETAIN_SELF = YES;
				CLANG_WARN_OBJC_LITERAL_CONVERSION = YES;
				CLANG_WARN_OBJC_ROOT_CLASS = YES_ERROR;
				CLANG_WARN_RANGE_LOOP_ANALYSIS = YES;
				CLANG_WARN_STRICT_PROTOTYPES = YES;
				CLANG_WARN_SUSPICIOUS_MOVE = YES;
				CLANG_WARN_UNGUARDED_AVAILABILITY = YES_AGGRESSIVE;
				CLANG_WARN_UNREACHABLE_CODE = YES;
				CLANG_WARN__DUPLICATE_METHOD_MATCH = YES;
				COPY_PHASE_STRIP = NO;
				DEBUG_INFORMATION_FORMAT = dwarf;
				ENABLE_STRICT_OBJC_MSGSEND = YES;
				ENABLE_TESTABILITY = YES;
				GCC_C_LANGUAGE_STANDARD = gnu11;
				GCC_DYNAMIC_NO_PIC = NO;
				GCC_NO_COMMON_BLOCKS = YES;
				GCC_OPTIMIZATION_LEVEL = 0;
				GCC_PREPROCESSOR_DEFINITIONS = (
					"DEBUG=1",
					"$(inherited)",
				);
				GCC_WARN_64_TO_32_BIT_CONVERSION = YES;
				GCC_WARN_ABOUT_RETURN_TYPE = YES_ERROR;
				GCC_WARN_UNDECLARED_SELECTOR = YES;
				GCC_WARN_UNINITIALIZED_AUTOS = YES_AGGRESSIVE;
				GCC_WARN_UNUSED_FUNCTION = YES;
				GCC_WARN_UNUSED_VARIABLE = YES;
				IPHONEOS_DEPLOYMENT_TARGET = 13.0;
				MTL_ENABLE_DEBUG_INFO = INCLUDE_SOURCE;
				MTL_FAST_MATH = YES;
				ONLY_ACTIVE_ARCH = YES;
				SDKROOT = iphoneos;
			};
			name = Debug;
		};
		59D7615C23556B0900EA93AF /* Release */ = {
			isa = XCBuildConfiguration;
			buildSettings = {
				ALWAYS_SEARCH_USER_PATHS = NO;
				CLANG_ANALYZER_NONNULL = YES;
				CLANG_ANALYZER_NUMBER_OBJECT_CONVERSION = YES_AGGRESSIVE;
				CLANG_CXX_LANGUAGE_STANDARD = "gnu++14";
				CLANG_CXX_LIBRARY = "libc++";
				CLANG_ENABLE_MODULES = YES;
				CLANG_ENABLE_OBJC_ARC = YES;
				CLANG_ENABLE_OBJC_WEAK = YES;
				CLANG_WARN_BLOCK_CAPTURE_AUTORELEASING = YES;
				CLANG_WARN_BOOL_CONVERSION = YES;
				CLANG_WARN_COMMA = YES;
				CLANG_WARN_CONSTANT_CONVERSION = YES;
				CLANG_WARN_DEPRECATED_OBJC_IMPLEMENTATIONS = YES;
				CLANG_WARN_DIRECT_OBJC_ISA_USAGE = YES_ERROR;
				CLANG_WARN_DOCUMENTATION_COMMENTS = YES;
				CLANG_WARN_EMPTY_BODY = YES;
				CLANG_WARN_ENUM_CONVERSION = YES;
				CLANG_WARN_INFINITE_RECURSION = YES;
				CLANG_WARN_INT_CONVERSION = YES;
				CLANG_WARN_NON_LITERAL_NULL_CONVERSION = YES;
				CLANG_WARN_OBJC_IMPLICIT_RETAIN_SELF = YES;
				CLANG_WARN_OBJC_LITERAL_CONVERSION = YES;
				CLANG_WARN_OBJC_ROOT_CLASS = YES_ERROR;
				CLANG_WARN_RANGE_LOOP_ANALYSIS = YES;
				CLANG_WARN_STRICT_PROTOTYPES = YES;
				CLANG_WARN_SUSPICIOUS_MOVE = YES;
				CLANG_WARN_UNGUARDED_AVAILABILITY = YES_AGGRESSIVE;
				CLANG_WARN_UNREACHABLE_CODE = YES;
				CLANG_WARN__DUPLICATE_METHOD_MATCH = YES;
				COPY_PHASE_STRIP = NO;
				DEBUG_INFORMATION_FORMAT = "dwarf-with-dsym";
				ENABLE_NS_ASSERTIONS = NO;
				ENABLE_STRICT_OBJC_MSGSEND = YES;
				GCC_C_LANGUAGE_STANDARD = gnu11;
				GCC_NO_COMMON_BLOCKS = YES;
				GCC_WARN_64_TO_32_BIT_CONVERSION = YES;
				GCC_WARN_ABOUT_RETURN_TYPE = YES_ERROR;
				GCC_WARN_UNDECLARED_SELECTOR = YES;
				GCC_WARN_UNINITIALIZED_AUTOS = YES_AGGRESSIVE;
				GCC_WARN_UNUSED_FUNCTION = YES;
				GCC_WARN_UNUSED_VARIABLE = YES;
				IPHONEOS_DEPLOYMENT_TARGET = 13.0;
				MTL_ENABLE_DEBUG_INFO = NO;
				MTL_FAST_MATH = YES;
				SDKROOT = iphoneos;
				VALIDATE_PRODUCT = YES;
			};
			name = Release;
		};
		59D7615E23556B0900EA93AF /* Debug */ = {
			isa = XCBuildConfiguration;
			baseConfigurationReference = 41A3264A3F6916D9EB6A8E92 /* Pods-Socket.debug.xcconfig */;
			buildSettings = {
				ASSETCATALOG_COMPILER_APPICON_NAME = AppIcon;
				CODE_SIGN_STYLE = Automatic;
				DEVELOPMENT_TEAM = DR4WPFLXBN;
				INFOPLIST_FILE = Socket/Info.plist;
				LD_RUNPATH_SEARCH_PATHS = (
					"$(inherited)",
					"@executable_path/Frameworks",
				);
				PRODUCT_BUNDLE_IDENTIFIER = com.jiyoung.Socket;
				PRODUCT_NAME = "$(TARGET_NAME)";
				TARGETED_DEVICE_FAMILY = "1,2";
			};
			name = Debug;
		};
		59D7615F23556B0900EA93AF /* Release */ = {
			isa = XCBuildConfiguration;
			baseConfigurationReference = 53601667247D8B3A68A518EF /* Pods-Socket.release.xcconfig */;
			buildSettings = {
				ASSETCATALOG_COMPILER_APPICON_NAME = AppIcon;
				CODE_SIGN_STYLE = Automatic;
				DEVELOPMENT_TEAM = DR4WPFLXBN;
				INFOPLIST_FILE = Socket/Info.plist;
				LD_RUNPATH_SEARCH_PATHS = (
					"$(inherited)",
					"@executable_path/Frameworks",
				);
				PRODUCT_BUNDLE_IDENTIFIER = com.jiyoung.Socket;
				PRODUCT_NAME = "$(TARGET_NAME)";
				TARGETED_DEVICE_FAMILY = "1,2";
			};
			name = Release;
		};
/* End XCBuildConfiguration section */

/* Begin XCConfigurationList section */
		59D7613F23556B0500EA93AF /* Build configuration list for PBXProject "Socket" */ = {
			isa = XCConfigurationList;
			buildConfigurations = (
				59D7615B23556B0900EA93AF /* Debug */,
				59D7615C23556B0900EA93AF /* Release */,
			);
			defaultConfigurationIsVisible = 0;
			defaultConfigurationName = Release;
		};
		59D7615D23556B0900EA93AF /* Build configuration list for PBXNativeTarget "Socket" */ = {
			isa = XCConfigurationList;
			buildConfigurations = (
				59D7615E23556B0900EA93AF /* Debug */,
				59D7615F23556B0900EA93AF /* Release */,
			);
			defaultConfigurationIsVisible = 0;
			defaultConfigurationName = Release;
		};
/* End XCConfigurationList section */
	};
	rootObject = 59D7613C23556B0500EA93AF /* Project object */;
}
