// !$*UTF8*$!
{
	archiveVersion = 1;
	classes = {
	};
	objectVersion = 50;
	objects = {

/* Begin PBXBuildFile section */
		5963966B2358212F00CD5D05 /* AppDelegate.m in Sources */ = {isa = PBXBuildFile; fileRef = 5963966A2358212F00CD5D05 /* AppDelegate.m */; };
		5963966E2358212F00CD5D05 /* SceneDelegate.m in Sources */ = {isa = PBXBuildFile; fileRef = 5963966D2358212F00CD5D05 /* SceneDelegate.m */; };
		596396712358212F00CD5D05 /* ViewController.m in Sources */ = {isa = PBXBuildFile; fileRef = 596396702358212F00CD5D05 /* ViewController.m */; };
		596396742358212F00CD5D05 /* Main.storyboard in Resources */ = {isa = PBXBuildFile; fileRef = 596396722358212F00CD5D05 /* Main.storyboard */; };
		596396762358213000CD5D05 /* Assets.xcassets in Resources */ = {isa = PBXBuildFile; fileRef = 596396752358213000CD5D05 /* Assets.xcassets */; };
		596396792358213000CD5D05 /* LaunchScreen.storyboard in Resources */ = {isa = PBXBuildFile; fileRef = 596396772358213000CD5D05 /* LaunchScreen.storyboard */; };
		5963967C2358213000CD5D05 /* main.m in Sources */ = {isa = PBXBuildFile; fileRef = 5963967B2358213000CD5D05 /* main.m */; };
		596396842358214000CD5D05 /* CustomAlertView.m in Sources */ = {isa = PBXBuildFile; fileRef = 596396832358214000CD5D05 /* CustomAlertView.m */; };
		EBEC2A14A4195C5C965CEE3E /* Pods_Iphone7Test.framework in Frameworks */ = {isa = PBXBuildFile; fileRef = F9F11E54906E0AB926D9F41C /* Pods_Iphone7Test.framework */; };
/* End PBXBuildFile section */

/* Begin PBXFileReference section */
		596396662358212F00CD5D05 /* Iphone7Test.app */ = {isa = PBXFileReference; explicitFileType = wrapper.application; includeInIndex = 0; path = Iphone7Test.app; sourceTree = BUILT_PRODUCTS_DIR; };
		596396692358212F00CD5D05 /* AppDelegate.h */ = {isa = PBXFileReference; lastKnownFileType = sourcecode.c.h; path = AppDelegate.h; sourceTree = "<group>"; };
		5963966A2358212F00CD5D05 /* AppDelegate.m */ = {isa = PBXFileReference; lastKnownFileType = sourcecode.c.objc; path = AppDelegate.m; sourceTree = "<group>"; };
		5963966C2358212F00CD5D05 /* SceneDelegate.h */ = {isa = PBXFileReference; lastKnownFileType = sourcecode.c.h; path = SceneDelegate.h; sourceTree = "<group>"; };
		5963966D2358212F00CD5D05 /* SceneDelegate.m */ = {isa = PBXFileReference; lastKnownFileType = sourcecode.c.objc; path = SceneDelegate.m; sourceTree = "<group>"; };
		5963966F2358212F00CD5D05 /* ViewController.h */ = {isa = PBXFileReference; lastKnownFileType = sourcecode.c.h; path = ViewController.h; sourceTree = "<group>"; };
		596396702358212F00CD5D05 /* ViewController.m */ = {isa = PBXFileReference; lastKnownFileType = sourcecode.c.objc; path = ViewController.m; sourceTree = "<group>"; };
		596396732358212F00CD5D05 /* Base */ = {isa = PBXFileReference; lastKnownFileType = file.storyboard; name = Base; path = Base.lproj/Main.storyboard; sourceTree = "<group>"; };
		596396752358213000CD5D05 /* Assets.xcassets */ = {isa = PBXFileReference; lastKnownFileType = folder.assetcatalog; path = Assets.xcassets; sourceTree = "<group>"; };
		596396782358213000CD5D05 /* Base */ = {isa = PBXFileReference; lastKnownFileType = file.storyboard; name = Base; path = Base.lproj/LaunchScreen.storyboard; sourceTree = "<group>"; };
		5963967A2358213000CD5D05 /* Info.plist */ = {isa = PBXFileReference; lastKnownFileType = text.plist.xml; path = Info.plist; sourceTree = "<group>"; };
		5963967B2358213000CD5D05 /* main.m */ = {isa = PBXFileReference; lastKnownFileType = sourcecode.c.objc; path = main.m; sourceTree = "<group>"; };
		596396822358214000CD5D05 /* CustomAlertView.h */ = {isa = PBXFileReference; fileEncoding = 4; lastKnownFileType = sourcecode.c.h; path = CustomAlertView.h; sourceTree = "<group>"; };
		596396832358214000CD5D05 /* CustomAlertView.m */ = {isa = PBXFileReference; fileEncoding = 4; lastKnownFileType = sourcecode.c.objc; path = CustomAlertView.m; sourceTree = "<group>"; };
		CE764F6FF66753F4570DFFB1 /* Pods-Iphone7Test.release.xcconfig */ = {isa = PBXFileReference; includeInIndex = 1; lastKnownFileType = text.xcconfig; name = "Pods-Iphone7Test.release.xcconfig"; path = "Target Support Files/Pods-Iphone7Test/Pods-Iphone7Test.release.xcconfig"; sourceTree = "<group>"; };
		DB4BE387E1EA998E76383F9B /* Pods-Iphone7Test.debug.xcconfig */ = {isa = PBXFileReference; includeInIndex = 1; lastKnownFileType = text.xcconfig; name = "Pods-Iphone7Test.debug.xcconfig"; path = "Target Support Files/Pods-Iphone7Test/Pods-Iphone7Test.debug.xcconfig"; sourceTree = "<group>"; };
		F9F11E54906E0AB926D9F41C /* Pods_Iphone7Test.framework */ = {isa = PBXFileReference; explicitFileType = wrapper.framework; includeInIndex = 0; path = Pods_Iphone7Test.framework; sourceTree = BUILT_PRODUCTS_DIR; };
/* End PBXFileReference section */

/* Begin PBXFrameworksBuildPhase section */
		596396632358212F00CD5D05 /* Frameworks */ = {
			isa = PBXFrameworksBuildPhase;
			buildActionMask = 2147483647;
			files = (
				EBEC2A14A4195C5C965CEE3E /* Pods_Iphone7Test.framework in Frameworks */,
			);
			runOnlyForDeploymentPostprocessing = 0;
		};
/* End PBXFrameworksBuildPhase section */

/* Begin PBXGroup section */
		148F4EC66A9B8FCE11677EF5 /* Frameworks */ = {
			isa = PBXGroup;
			children = (
				F9F11E54906E0AB926D9F41C /* Pods_Iphone7Test.framework */,
			);
			name = Frameworks;
			sourceTree = "<group>";
		};
		5963965D2358212F00CD5D05 = {
			isa = PBXGroup;
			children = (
				596396682358212F00CD5D05 /* Iphone7Test */,
				596396672358212F00CD5D05 /* Products */,
				8FEB3BB275106065404C786D /* Pods */,
				148F4EC66A9B8FCE11677EF5 /* Frameworks */,
			);
			sourceTree = "<group>";
		};
		596396672358212F00CD5D05 /* Products */ = {
			isa = PBXGroup;
			children = (
				596396662358212F00CD5D05 /* Iphone7Test.app */,
			);
			name = Products;
			sourceTree = "<group>";
		};
		596396682358212F00CD5D05 /* Iphone7Test */ = {
			isa = PBXGroup;
			children = (
				596396692358212F00CD5D05 /* AppDelegate.h */,
				5963966A2358212F00CD5D05 /* AppDelegate.m */,
				5963966C2358212F00CD5D05 /* SceneDelegate.h */,
				5963966D2358212F00CD5D05 /* SceneDelegate.m */,
				5963966F2358212F00CD5D05 /* ViewController.h */,
				596396702358212F00CD5D05 /* ViewController.m */,
				596396822358214000CD5D05 /* CustomAlertView.h */,
				596396832358214000CD5D05 /* CustomAlertView.m */,
				596396722358212F00CD5D05 /* Main.storyboard */,
				596396752358213000CD5D05 /* Assets.xcassets */,
				596396772358213000CD5D05 /* LaunchScreen.storyboard */,
				5963967A2358213000CD5D05 /* Info.plist */,
				5963967B2358213000CD5D05 /* main.m */,
			);
			path = Iphone7Test;
			sourceTree = "<group>";
		};
		8FEB3BB275106065404C786D /* Pods */ = {
			isa = PBXGroup;
			children = (
				DB4BE387E1EA998E76383F9B /* Pods-Iphone7Test.debug.xcconfig */,
				CE764F6FF66753F4570DFFB1 /* Pods-Iphone7Test.release.xcconfig */,
			);
			name = Pods;
			path = Pods;
			sourceTree = "<group>";
		};
/* End PBXGroup section */

/* Begin PBXNativeTarget section */
		596396652358212F00CD5D05 /* Iphone7Test */ = {
			isa = PBXNativeTarget;
			buildConfigurationList = 5963967F2358213000CD5D05 /* Build configuration list for PBXNativeTarget "Iphone7Test" */;
			buildPhases = (
				C75D4A33C662E8E0238D6FB8 /* [CP] Check Pods Manifest.lock */,
				596396622358212F00CD5D05 /* Sources */,
				596396632358212F00CD5D05 /* Frameworks */,
				596396642358212F00CD5D05 /* Resources */,
				DB40318692F30D53AABB7A00 /* [CP] Embed Pods Frameworks */,
			);
			buildRules = (
			);
			dependencies = (
			);
			name = Iphone7Test;
			productName = Iphone7Test;
			productReference = 596396662358212F00CD5D05 /* Iphone7Test.app */;
			productType = "com.apple.product-type.application";
		};
/* End PBXNativeTarget section */

/* Begin PBXProject section */
		5963965E2358212F00CD5D05 /* Project object */ = {
			isa = PBXProject;
			attributes = {
				LastUpgradeCheck = 1100;
				ORGANIZATIONNAME = JY;
				TargetAttributes = {
					596396652358212F00CD5D05 = {
						CreatedOnToolsVersion = 11.0;
					};
				};
			};
			buildConfigurationList = 596396612358212F00CD5D05 /* Build configuration list for PBXProject "Iphone7Test" */;
			compatibilityVersion = "Xcode 9.3";
			developmentRegion = en;
			hasScannedForEncodings = 0;
			knownRegions = (
				en,
				Base,
			);
			mainGroup = 5963965D2358212F00CD5D05;
			productRefGroup = 596396672358212F00CD5D05 /* Products */;
			projectDirPath = "";
			projectRoot = "";
			targets = (
				596396652358212F00CD5D05 /* Iphone7Test */,
			);
		};
/* End PBXProject section */

/* Begin PBXResourcesBuildPhase section */
		596396642358212F00CD5D05 /* Resources */ = {
			isa = PBXResourcesBuildPhase;
			buildActionMask = 2147483647;
			files = (
				596396792358213000CD5D05 /* LaunchScreen.storyboard in Resources */,
				596396762358213000CD5D05 /* Assets.xcassets in Resources */,
				596396742358212F00CD5D05 /* Main.storyboard in Resources */,
			);
			runOnlyForDeploymentPostprocessing = 0;
		};
/* End PBXResourcesBuildPhase section */

/* Begin PBXShellScriptBuildPhase section */
		C75D4A33C662E8E0238D6FB8 /* [CP] Check Pods Manifest.lock */ = {
			isa = PBXShellScriptBuildPhase;
			buildActionMask = 2147483647;
			files = (
			);
			inputFileListPaths = (
			);
			inputPaths = (
				"${PODS_PODFILE_DIR_PATH}/Podfile.lock",
				"${PODS_ROOT}/Manifest.lock",
			);
			name = "[CP] Check Pods Manifest.lock";
			outputFileListPaths = (
			);
			outputPaths = (
				"$(DERIVED_FILE_DIR)/Pods-Iphone7Test-checkManifestLockResult.txt",
			);
			runOnlyForDeploymentPostprocessing = 0;
			shellPath = /bin/sh;
			shellScript = "diff \"${PODS_PODFILE_DIR_PATH}/Podfile.lock\" \"${PODS_ROOT}/Manifest.lock\" > /dev/null\nif [ $? != 0 ] ; then\n    # print error to STDERR\n    echo \"error: The sandbox is not in sync with the Podfile.lock. Run 'pod install' or update your CocoaPods installation.\" >&2\n    exit 1\nfi\n# This output is used by Xcode 'outputs' to avoid re-running this script phase.\necho \"SUCCESS\" > \"${SCRIPT_OUTPUT_FILE_0}\"\n";
			showEnvVarsInLog = 0;
		};
		DB40318692F30D53AABB7A00 /* [CP] Embed Pods Frameworks */ = {
			isa = PBXShellScriptBuildPhase;
			buildActionMask = 2147483647;
			files = (
			);
			inputFileListPaths = (
				"${PODS_ROOT}/Target Support Files/Pods-Iphone7Test/Pods-Iphone7Test-frameworks-${CONFIGURATION}-input-files.xcfilelist",
			);
			name = "[CP] Embed Pods Frameworks";
			outputFileListPaths = (
				"${PODS_ROOT}/Target Support Files/Pods-Iphone7Test/Pods-Iphone7Test-frameworks-${CONFIGURATION}-output-files.xcfilelist",
			);
			runOnlyForDeploymentPostprocessing = 0;
			shellPath = /bin/sh;
			shellScript = "\"${PODS_ROOT}/Target Support Files/Pods-Iphone7Test/Pods-Iphone7Test-frameworks.sh\"\n";
			showEnvVarsInLog = 0;
		};
/* End PBXShellScriptBuildPhase section */

/* Begin PBXSourcesBuildPhase section */
		596396622358212F00CD5D05 /* Sources */ = {
			isa = PBXSourcesBuildPhase;
			buildActionMask = 2147483647;
			files = (
				596396712358212F00CD5D05 /* ViewController.m in Sources */,
				5963966B2358212F00CD5D05 /* AppDelegate.m in Sources */,
				5963967C2358213000CD5D05 /* main.m in Sources */,
				596396842358214000CD5D05 /* CustomAlertView.m in Sources */,
				5963966E2358212F00CD5D05 /* SceneDelegate.m in Sources */,
			);
			runOnlyForDeploymentPostprocessing = 0;
		};
/* End PBXSourcesBuildPhase section */

/* Begin PBXVariantGroup section */
		596396722358212F00CD5D05 /* Main.storyboard */ = {
			isa = PBXVariantGroup;
			children = (
				596396732358212F00CD5D05 /* Base */,
			);
			name = Main.storyboard;
			sourceTree = "<group>";
		};
		596396772358213000CD5D05 /* LaunchScreen.storyboard */ = {
			isa = PBXVariantGroup;
			children = (
				596396782358213000CD5D05 /* Base */,
			);
			name = LaunchScreen.storyboard;
			sourceTree = "<group>";
		};
/* End PBXVariantGroup section */

/* Begin XCBuildConfiguration section */
		5963967D2358213000CD5D05 /* Debug */ = {
			isa = XCBuildConfiguration;
			buildSettings = {
				ALWAYS_SEARCH_USER_PATHS = NO;
				CLANG_ANALYZER_NONNULL = YES;
				CLANG_ANALYZER_NUMBER_OBJECT_CONVERSION = YES_AGGRESSIVE;
				CLANG_CXX_LANGUAGE_STANDARD = "gnu++14";
				CLANG_CXX_LIBRARY = "libc++";
				CLANG_ENABLE_MODULES = YES;
				CLANG_ENABLE_OBJC_ARC = YES;
				CLANG_ENABLE_OBJC_WEAK = YES;
				CLANG_WARN_BLOCK_CAPTURE_AUTORELEASING = YES;
				CLANG_WARN_BOOL_CONVERSION = YES;
				CLANG_WARN_COMMA = YES;
				CLANG_WARN_CONSTANT_CONVERSION = YES;
				CLANG_WARN_DEPRECATED_OBJC_IMPLEMENTATIONS = YES;
				CLANG_WARN_DIRECT_OBJC_ISA_USAGE = YES_ERROR;
				CLANG_WARN_DOCUMENTATION_COMMENTS = YES;
				CLANG_WARN_EMPTY_BODY = YES;
				CLANG_WARN_ENUM_CONVERSION = YES;
				CLANG_WARN_INFINITE_RECURSION = YES;
				CLANG_WARN_INT_CONVERSION = YES;
				CLANG_WARN_NON_LITERAL_NULL_CONVERSION = YES;
				CLANG_WARN_OBJC_IMPLICIT_RETAIN_SELF = YES;
				CLANG_WARN_OBJC_LITERAL_CONVERSION = YES;
				CLANG_WARN_OBJC_ROOT_CLASS = YES_ERROR;
				CLANG_WARN_RANGE_LOOP_ANALYSIS = YES;
				CLANG_WARN_STRICT_PROTOTYPES = YES;
				CLANG_WARN_SUSPICIOUS_MOVE = YES;
				CLANG_WARN_UNGUARDED_AVAILABILITY = YES_AGGRESSIVE;
				CLANG_WARN_UNREACHABLE_CODE = YES;
				CLANG_WARN__DUPLICATE_METHOD_MATCH = YES;
				COPY_PHASE_STRIP = NO;
				DEBUG_INFORMATION_FORMAT = dwarf;
				ENABLE_STRICT_OBJC_MSGSEND = YES;
				ENABLE_TESTABILITY = YES;
				GCC_C_LANGUAGE_STANDARD = gnu11;
				GCC_DYNAMIC_NO_PIC = NO;
				GCC_NO_COMMON_BLOCKS = YES;
				GCC_OPTIMIZATION_LEVEL = 0;
				GCC_PREPROCESSOR_DEFINITIONS = (
					"DEBUG=1",
					"$(inherited)",
				);
				GCC_WARN_64_TO_32_BIT_CONVERSION = YES;
				GCC_WARN_ABOUT_RETURN_TYPE = YES_ERROR;
				GCC_WARN_UNDECLARED_SELECTOR = YES;
				GCC_WARN_UNINITIALIZED_AUTOS = YES_AGGRESSIVE;
				GCC_WARN_UNUSED_FUNCTION = YES;
				GCC_WARN_UNUSED_VARIABLE = YES;
				IPHONEOS_DEPLOYMENT_TARGET = 13.0;
				MTL_ENABLE_DEBUG_INFO = INCLUDE_SOURCE;
				MTL_FAST_MATH = YES;
				ONLY_ACTIVE_ARCH = YES;
				SDKROOT = iphoneos;
			};
			name = Debug;
		};
		5963967E2358213000CD5D05 /* Release */ = {
			isa = XCBuildConfiguration;
			buildSettings = {
				ALWAYS_SEARCH_USER_PATHS = NO;
				CLANG_ANALYZER_NONNULL = YES;
				CLANG_ANALYZER_NUMBER_OBJECT_CONVERSION = YES_AGGRESSIVE;
				CLANG_CXX_LANGUAGE_STANDARD = "gnu++14";
				CLANG_CXX_LIBRARY = "libc++";
				CLANG_ENABLE_MODULES = YES;
				CLANG_ENABLE_OBJC_ARC = YES;
				CLANG_ENABLE_OBJC_WEAK = YES;
				CLANG_WARN_BLOCK_CAPTURE_AUTORELEASING = YES;
				CLANG_WARN_BOOL_CONVERSION = YES;
				CLANG_WARN_COMMA = YES;
				CLANG_WARN_CONSTANT_CONVERSION = YES;
				CLANG_WARN_DEPRECATED_OBJC_IMPLEMENTATIONS = YES;
				CLANG_WARN_DIRECT_OBJC_ISA_USAGE = YES_ERROR;
				CLANG_WARN_DOCUMENTATION_COMMENTS = YES;
				CLANG_WARN_EMPTY_BODY = YES;
				CLANG_WARN_ENUM_CONVERSION = YES;
				CLANG_WARN_INFINITE_RECURSION = YES;
				CLANG_WARN_INT_CONVERSION = YES;
				CLANG_WARN_NON_LITERAL_NULL_CONVERSION = YES;
				CLANG_WARN_OBJC_IMPLICIT_RETAIN_SELF = YES;
				CLANG_WARN_OBJC_LITERAL_CONVERSION = YES;
				CLANG_WARN_OBJC_ROOT_CLASS = YES_ERROR;
				CLANG_WARN_RANGE_LOOP_ANALYSIS = YES;
				CLANG_WARN_STRICT_PROTOTYPES = YES;
				CLANG_WARN_SUSPICIOUS_MOVE = YES;
				CLANG_WARN_UNGUARDED_AVAILABILITY = YES_AGGRESSIVE;
				CLANG_WARN_UNREACHABLE_CODE = YES;
				CLANG_WARN__DUPLICATE_METHOD_MATCH = YES;
				COPY_PHASE_STRIP = NO;
				DEBUG_INFORMATION_FORMAT = "dwarf-with-dsym";
				ENABLE_NS_ASSERTIONS = NO;
				ENABLE_STRICT_OBJC_MSGSEND = YES;
				GCC_C_LANGUAGE_STANDARD = gnu11;
				GCC_NO_COMMON_BLOCKS = YES;
				GCC_WARN_64_TO_32_BIT_CONVERSION = YES;
				GCC_WARN_ABOUT_RETURN_TYPE = YES_ERROR;
				GCC_WARN_UNDECLARED_SELECTOR = YES;
				GCC_WARN_UNINITIALIZED_AUTOS = YES_AGGRESSIVE;
				GCC_WARN_UNUSED_FUNCTION = YES;
				GCC_WARN_UNUSED_VARIABLE = YES;
				IPHONEOS_DEPLOYMENT_TARGET = 13.0;
				MTL_ENABLE_DEBUG_INFO = NO;
				MTL_FAST_MATH = YES;
				SDKROOT = iphoneos;
				VALIDATE_PRODUCT = YES;
			};
			name = Release;
		};
		596396802358213000CD5D05 /* Debug */ = {
			isa = XCBuildConfiguration;
			baseConfigurationReference = DB4BE387E1EA998E76383F9B /* Pods-Iphone7Test.debug.xcconfig */;
			buildSettings = {
				ASSETCATALOG_COMPILER_APPICON_NAME = AppIcon;
				CODE_SIGN_STYLE = Automatic;
				DEVELOPMENT_TEAM = DR4WPFLXBN;
				INFOPLIST_FILE = Iphone7Test/Info.plist;
				LD_RUNPATH_SEARCH_PATHS = (
					"$(inherited)",
					"@executable_path/Frameworks",
				);
				PRODUCT_BUNDLE_IDENTIFIER = com.jiyoung.Iphone7Test;
				PRODUCT_NAME = "$(TARGET_NAME)";
				TARGETED_DEVICE_FAMILY = "1,2";
			};
			name = Debug;
		};
		596396812358213000CD5D05 /* Release */ = {
			isa = XCBuildConfiguration;
			baseConfigurationReference = CE764F6FF66753F4570DFFB1 /* Pods-Iphone7Test.release.xcconfig */;
			buildSettings = {
				ASSETCATALOG_COMPILER_APPICON_NAME = AppIcon;
				CODE_SIGN_STYLE = Automatic;
				DEVELOPMENT_TEAM = DR4WPFLXBN;
				INFOPLIST_FILE = Iphone7Test/Info.plist;
				LD_RUNPATH_SEARCH_PATHS = (
					"$(inherited)",
					"@executable_path/Frameworks",
				);
				PRODUCT_BUNDLE_IDENTIFIER = com.jiyoung.Iphone7Test;
				PRODUCT_NAME = "$(TARGET_NAME)";
				TARGETED_DEVICE_FAMILY = "1,2";
			};
			name = Release;
		};
/* End XCBuildConfiguration section */

/* Begin XCConfigurationList section */
		596396612358212F00CD5D05 /* Build configuration list for PBXProject "Iphone7Test" */ = {
			isa = XCConfigurationList;
			buildConfigurations = (
				5963967D2358213000CD5D05 /* Debug */,
				5963967E2358213000CD5D05 /* Release */,
			);
			defaultConfigurationIsVisible = 0;
			defaultConfigurationName = Release;
		};
		5963967F2358213000CD5D05 /* Build configuration list for PBXNativeTarget "Iphone7Test" */ = {
			isa = XCConfigurationList;
			buildConfigurations = (
				596396802358213000CD5D05 /* Debug */,
				596396812358213000CD5D05 /* Release */,
			);
			defaultConfigurationIsVisible = 0;
			defaultConfigurationName = Release;
		};
/* End XCConfigurationList section */
	};
	rootObject = 5963965E2358212F00CD5D05 /* Project object */;
}
