// !$*UTF8*$!
{
	archiveVersion = 1;
	classes = {
	};
	objectVersion = 51;
	objects = {

/* Begin PBXBuildFile section */
		84102D762160AC69007E1396 /* DatePickerView.m in Sources */ = {isa = PBXBuildFile; fileRef = 84102D752160AC69007E1396 /* DatePickerView.m */; };
		84102D792160AC78007E1396 /* MoneyPickerView.m in Sources */ = {isa = PBXBuildFile; fileRef = 84102D782160AC78007E1396 /* MoneyPickerView.m */; };
		84102D81216B673D007E1396 /* RoomDatePickerView.m in Sources */ = {isa = PBXBuildFile; fileRef = 84102D80216B673D007E1396 /* RoomDatePickerView.m */; };
		841556CD217729D10007590B /* TimeLabelView.m in Sources */ = {isa = PBXBuildFile; fileRef = 841556CC217729D10007590B /* TimeLabelView.m */; };
		841556D021784EBA0007590B /* FSCalenarView.m in Sources */ = {isa = PBXBuildFile; fileRef = 841556CF21784EBA0007590B /* FSCalenarView.m */; };
		8415B64A216F5472008DCD7C /* WKWebViewConfiguration+Console.m in Sources */ = {isa = PBXBuildFile; fileRef = 8415B648216F5472008DCD7C /* WKWebViewConfiguration+Console.m */; };
		8415B64D216F5497008DCD7C /* SKWebView.m in Sources */ = {isa = PBXBuildFile; fileRef = 8415B64C216F5497008DCD7C /* SKWebView.m */; };
		841FA6A721533930001D5695 /* AppDelegate.m in Sources */ = {isa = PBXBuildFile; fileRef = 841FA6A621533930001D5695 /* AppDelegate.m */; };
		841FA6AA21533930001D5695 /* ViewController.m in Sources */ = {isa = PBXBuildFile; fileRef = 841FA6A921533930001D5695 /* ViewController.m */; };
		841FA6AD21533930001D5695 /* Main.storyboard in Resources */ = {isa = PBXBuildFile; fileRef = 841FA6AB21533930001D5695 /* Main.storyboard */; };
		841FA6AF21533932001D5695 /* Assets.xcassets in Resources */ = {isa = PBXBuildFile; fileRef = 841FA6AE21533932001D5695 /* Assets.xcassets */; };
		841FA6B221533932001D5695 /* LaunchScreen.storyboard in Resources */ = {isa = PBXBuildFile; fileRef = 841FA6B021533932001D5695 /* LaunchScreen.storyboard */; };
		841FA6B521533932001D5695 /* main.m in Sources */ = {isa = PBXBuildFile; fileRef = 841FA6B421533932001D5695 /* main.m */; };
		847D8341219E99D0001C40F2 /* TimePickerView.m in Sources */ = {isa = PBXBuildFile; fileRef = 847D8340219E99D0001C40F2 /* TimePickerView.m */; };
		849BBD502191486D00294C4D /* LaunchView.m in Sources */ = {isa = PBXBuildFile; fileRef = 849BBD4F2191486D00294C4D /* LaunchView.m */; };
		84E64AFB21AF8685009302D7 /* BlueToothView.m in Sources */ = {isa = PBXBuildFile; fileRef = 84E64AFA21AF8685009302D7 /* BlueToothView.m */; };
		84E64B1121AF9756009302D7 /* HLBLEManager.m in Sources */ = {isa = PBXBuildFile; fileRef = 84E64AFF21AF9756009302D7 /* HLBLEManager.m */; };
		84E64B1221AF9756009302D7 /* SVRadialGradientLayer.m in Sources */ = {isa = PBXBuildFile; fileRef = 84E64B0221AF9756009302D7 /* SVRadialGradientLayer.m */; };
		84E64B1321AF9756009302D7 /* SVProgressAnimatedView.m in Sources */ = {isa = PBXBuildFile; fileRef = 84E64B0521AF9756009302D7 /* SVProgressAnimatedView.m */; };
		84E64B1421AF9756009302D7 /* SVProgressHUD.m in Sources */ = {isa = PBXBuildFile; fileRef = 84E64B0821AF9756009302D7 /* SVProgressHUD.m */; };
		84E64B1521AF9756009302D7 /* SVIndefiniteAnimatedView.m in Sources */ = {isa = PBXBuildFile; fileRef = 84E64B0921AF9756009302D7 /* SVIndefiniteAnimatedView.m */; };
		84E64B1621AF9756009302D7 /* SVProgressHUD.bundle in Resources */ = {isa = PBXBuildFile; fileRef = 84E64B0A21AF9756009302D7 /* SVProgressHUD.bundle */; };
		84E64B1721AF9756009302D7 /* HLPrinter.m in Sources */ = {isa = PBXBuildFile; fileRef = 84E64B0D21AF9756009302D7 /* HLPrinter.m */; };
		84E64B1821AF9756009302D7 /* UIImage+Bitmap.m in Sources */ = {isa = PBXBuildFile; fileRef = 84E64B0F21AF9756009302D7 /* UIImage+Bitmap.m */; };
		84E64B1F21AFA8CF009302D7 /* CuteAlert.m in Sources */ = {isa = PBXBuildFile; fileRef = 84E64B1E21AFA8CF009302D7 /* CuteAlert.m */; };
		87A23B5BD4A0ABC748DA8150 /* libPods-XinSystem.a in Frameworks */ = {isa = PBXBuildFile; fileRef = 0A9ABF35C41BD49DF086AA91 /* libPods-XinSystem.a */; };
/* End PBXBuildFile section */

/* Begin PBXFileReference section */
		0A9ABF35C41BD49DF086AA91 /* libPods-XinSystem.a */ = {isa = PBXFileReference; explicitFileType = archive.ar; includeInIndex = 0; path = "libPods-XinSystem.a"; sourceTree = BUILT_PRODUCTS_DIR; };
		5B8288276CCB0C5764839458 /* Pods-XinSystem.debug.xcconfig */ = {isa = PBXFileReference; includeInIndex = 1; lastKnownFileType = text.xcconfig; name = "Pods-XinSystem.debug.xcconfig"; path = "Pods/Target Support Files/Pods-XinSystem/Pods-XinSystem.debug.xcconfig"; sourceTree = "<group>"; };
		84102D742160AC69007E1396 /* DatePickerView.h */ = {isa = PBXFileReference; lastKnownFileType = sourcecode.c.h; path = DatePickerView.h; sourceTree = "<group>"; };
		84102D752160AC69007E1396 /* DatePickerView.m */ = {isa = PBXFileReference; lastKnownFileType = sourcecode.c.objc; path = DatePickerView.m; sourceTree = "<group>"; };
		84102D772160AC78007E1396 /* MoneyPickerView.h */ = {isa = PBXFileReference; lastKnownFileType = sourcecode.c.h; path = MoneyPickerView.h; sourceTree = "<group>"; };
		84102D782160AC78007E1396 /* MoneyPickerView.m */ = {isa = PBXFileReference; lastKnownFileType = sourcecode.c.objc; path = MoneyPickerView.m; sourceTree = "<group>"; };
		84102D7B2160AD9A007E1396 /* Header.h */ = {isa = PBXFileReference; lastKnownFileType = sourcecode.c.h; path = Header.h; sourceTree = "<group>"; };
		84102D7C2160ADDF007E1396 /* PrefixHeader.pch */ = {isa = PBXFileReference; lastKnownFileType = sourcecode.c.h; path = PrefixHeader.pch; sourceTree = "<group>"; };
		84102D7F216B673D007E1396 /* RoomDatePickerView.h */ = {isa = PBXFileReference; lastKnownFileType = sourcecode.c.h; path = RoomDatePickerView.h; sourceTree = "<group>"; };
		84102D80216B673D007E1396 /* RoomDatePickerView.m */ = {isa = PBXFileReference; lastKnownFileType = sourcecode.c.objc; path = RoomDatePickerView.m; sourceTree = "<group>"; };
		841556CB217729D10007590B /* TimeLabelView.h */ = {isa = PBXFileReference; lastKnownFileType = sourcecode.c.h; path = TimeLabelView.h; sourceTree = "<group>"; };
		841556CC217729D10007590B /* TimeLabelView.m */ = {isa = PBXFileReference; lastKnownFileType = sourcecode.c.objc; path = TimeLabelView.m; sourceTree = "<group>"; };
		841556CE21784EBA0007590B /* FSCalenarView.h */ = {isa = PBXFileReference; lastKnownFileType = sourcecode.c.h; path = FSCalenarView.h; sourceTree = "<group>"; };
		841556CF21784EBA0007590B /* FSCalenarView.m */ = {isa = PBXFileReference; lastKnownFileType = sourcecode.c.objc; path = FSCalenarView.m; sourceTree = "<group>"; };
		8415B648216F5472008DCD7C /* WKWebViewConfiguration+Console.m */ = {isa = PBXFileReference; fileEncoding = 4; lastKnownFileType = sourcecode.c.objc; path = "WKWebViewConfiguration+Console.m"; sourceTree = "<group>"; };
		8415B649216F5472008DCD7C /* WKWebViewConfiguration+Console.h */ = {isa = PBXFileReference; fileEncoding = 4; lastKnownFileType = sourcecode.c.h; path = "WKWebViewConfiguration+Console.h"; sourceTree = "<group>"; };
		8415B64B216F5497008DCD7C /* SKWebView.h */ = {isa = PBXFileReference; fileEncoding = 4; lastKnownFileType = sourcecode.c.h; path = SKWebView.h; sourceTree = "<group>"; };
		8415B64C216F5497008DCD7C /* SKWebView.m */ = {isa = PBXFileReference; fileEncoding = 4; lastKnownFileType = sourcecode.c.objc; path = SKWebView.m; sourceTree = "<group>"; };
		841FA6A221533930001D5695 /* XinSystem.app */ = {isa = PBXFileReference; explicitFileType = wrapper.application; includeInIndex = 0; path = XinSystem.app; sourceTree = BUILT_PRODUCTS_DIR; };
		841FA6A521533930001D5695 /* AppDelegate.h */ = {isa = PBXFileReference; lastKnownFileType = sourcecode.c.h; path = AppDelegate.h; sourceTree = "<group>"; };
		841FA6A621533930001D5695 /* AppDelegate.m */ = {isa = PBXFileReference; lastKnownFileType = sourcecode.c.objc; path = AppDelegate.m; sourceTree = "<group>"; };
		841FA6A821533930001D5695 /* ViewController.h */ = {isa = PBXFileReference; lastKnownFileType = sourcecode.c.h; path = ViewController.h; sourceTree = "<group>"; };
		841FA6A921533930001D5695 /* ViewController.m */ = {isa = PBXFileReference; lastKnownFileType = sourcecode.c.objc; path = ViewController.m; sourceTree = "<group>"; };
		841FA6AC21533930001D5695 /* Base */ = {isa = PBXFileReference; lastKnownFileType = file.storyboard; name = Base; path = Base.lproj/Main.storyboard; sourceTree = "<group>"; };
		841FA6AE21533932001D5695 /* Assets.xcassets */ = {isa = PBXFileReference; lastKnownFileType = folder.assetcatalog; path = Assets.xcassets; sourceTree = "<group>"; };
		841FA6B121533932001D5695 /* Base */ = {isa = PBXFileReference; lastKnownFileType = file.storyboard; name = Base; path = Base.lproj/LaunchScreen.storyboard; sourceTree = "<group>"; };
		841FA6B321533932001D5695 /* Info.plist */ = {isa = PBXFileReference; lastKnownFileType = text.plist.xml; path = Info.plist; sourceTree = "<group>"; };
		841FA6B421533932001D5695 /* main.m */ = {isa = PBXFileReference; lastKnownFileType = sourcecode.c.objc; path = main.m; sourceTree = "<group>"; };
		847D833F219E99D0001C40F2 /* TimePickerView.h */ = {isa = PBXFileReference; lastKnownFileType = sourcecode.c.h; path = TimePickerView.h; sourceTree = "<group>"; };
		847D8340219E99D0001C40F2 /* TimePickerView.m */ = {isa = PBXFileReference; lastKnownFileType = sourcecode.c.objc; path = TimePickerView.m; sourceTree = "<group>"; };
		849BBD4E2191486D00294C4D /* LaunchView.h */ = {isa = PBXFileReference; lastKnownFileType = sourcecode.c.h; path = LaunchView.h; sourceTree = "<group>"; };
		849BBD4F2191486D00294C4D /* LaunchView.m */ = {isa = PBXFileReference; lastKnownFileType = sourcecode.c.objc; path = LaunchView.m; sourceTree = "<group>"; };
		84E64AF921AF8685009302D7 /* BlueToothView.h */ = {isa = PBXFileReference; lastKnownFileType = sourcecode.c.h; path = BlueToothView.h; sourceTree = "<group>"; };
		84E64AFA21AF8685009302D7 /* BlueToothView.m */ = {isa = PBXFileReference; lastKnownFileType = sourcecode.c.objc; path = BlueToothView.m; sourceTree = "<group>"; };
		84E64AFE21AF9756009302D7 /* HLBLEConst.h */ = {isa = PBXFileReference; fileEncoding = 4; lastKnownFileType = sourcecode.c.h; path = HLBLEConst.h; sourceTree = "<group>"; };
		84E64AFF21AF9756009302D7 /* HLBLEManager.m */ = {isa = PBXFileReference; fileEncoding = 4; lastKnownFileType = sourcecode.c.objc; path = HLBLEManager.m; sourceTree = "<group>"; };
		84E64B0021AF9756009302D7 /* HLBLEManager.h */ = {isa = PBXFileReference; fileEncoding = 4; lastKnownFileType = sourcecode.c.h; path = HLBLEManager.h; sourceTree = "<group>"; };
		84E64B0221AF9756009302D7 /* SVRadialGradientLayer.m */ = {isa = PBXFileReference; fileEncoding = 4; lastKnownFileType = sourcecode.c.objc; path = SVRadialGradientLayer.m; sourceTree = "<group>"; };
		84E64B0321AF9756009302D7 /* SVIndefiniteAnimatedView.h */ = {isa = PBXFileReference; fileEncoding = 4; lastKnownFileType = sourcecode.c.h; path = SVIndefiniteAnimatedView.h; sourceTree = "<group>"; };
		84E64B0421AF9756009302D7 /* SVProgressHUD.h */ = {isa = PBXFileReference; fileEncoding = 4; lastKnownFileType = sourcecode.c.h; path = SVProgressHUD.h; sourceTree = "<group>"; };
		84E64B0521AF9756009302D7 /* SVProgressAnimatedView.m */ = {isa = PBXFileReference; fileEncoding = 4; lastKnownFileType = sourcecode.c.objc; path = SVProgressAnimatedView.m; sourceTree = "<group>"; };
		84E64B0621AF9756009302D7 /* SVProgressHUD-Prefix.pch */ = {isa = PBXFileReference; fileEncoding = 4; lastKnownFileType = sourcecode.c.h; path = "SVProgressHUD-Prefix.pch"; sourceTree = "<group>"; };
		84E64B0721AF9756009302D7 /* SVRadialGradientLayer.h */ = {isa = PBXFileReference; fileEncoding = 4; lastKnownFileType = sourcecode.c.h; path = SVRadialGradientLayer.h; sourceTree = "<group>"; };
		84E64B0821AF9756009302D7 /* SVProgressHUD.m */ = {isa = PBXFileReference; fileEncoding = 4; lastKnownFileType = sourcecode.c.objc; path = SVProgressHUD.m; sourceTree = "<group>"; };
		84E64B0921AF9756009302D7 /* SVIndefiniteAnimatedView.m */ = {isa = PBXFileReference; fileEncoding = 4; lastKnownFileType = sourcecode.c.objc; path = SVIndefiniteAnimatedView.m; sourceTree = "<group>"; };
		84E64B0A21AF9756009302D7 /* SVProgressHUD.bundle */ = {isa = PBXFileReference; lastKnownFileType = "wrapper.plug-in"; path = SVProgressHUD.bundle; sourceTree = "<group>"; };
		84E64B0B21AF9756009302D7 /* SVProgressAnimatedView.h */ = {isa = PBXFileReference; fileEncoding = 4; lastKnownFileType = sourcecode.c.h; path = SVProgressAnimatedView.h; sourceTree = "<group>"; };
		84E64B0D21AF9756009302D7 /* HLPrinter.m */ = {isa = PBXFileReference; fileEncoding = 4; lastKnownFileType = sourcecode.c.objc; path = HLPrinter.m; sourceTree = "<group>"; };
		84E64B0E21AF9756009302D7 /* UIImage+Bitmap.h */ = {isa = PBXFileReference; fileEncoding = 4; lastKnownFileType = sourcecode.c.h; path = "UIImage+Bitmap.h"; sourceTree = "<group>"; };
		84E64B0F21AF9756009302D7 /* UIImage+Bitmap.m */ = {isa = PBXFileReference; fileEncoding = 4; lastKnownFileType = sourcecode.c.objc; path = "UIImage+Bitmap.m"; sourceTree = "<group>"; };
		84E64B1021AF9756009302D7 /* HLPrinter.h */ = {isa = PBXFileReference; fileEncoding = 4; lastKnownFileType = sourcecode.c.h; path = HLPrinter.h; sourceTree = "<group>"; };
		84E64B1D21AFA8CF009302D7 /* CuteAlert.h */ = {isa = PBXFileReference; lastKnownFileType = sourcecode.c.h; path = CuteAlert.h; sourceTree = "<group>"; };
		84E64B1E21AFA8CF009302D7 /* CuteAlert.m */ = {isa = PBXFileReference; lastKnownFileType = sourcecode.c.objc; path = CuteAlert.m; sourceTree = "<group>"; };
		D45B45D036DCCC17741B2971 /* Pods-XinSystem.release.xcconfig */ = {isa = PBXFileReference; includeInIndex = 1; lastKnownFileType = text.xcconfig; name = "Pods-XinSystem.release.xcconfig"; path = "Pods/Target Support Files/Pods-XinSystem/Pods-XinSystem.release.xcconfig"; sourceTree = "<group>"; };
/* End PBXFileReference section */

/* Begin PBXFrameworksBuildPhase section */
		841FA69F21533930001D5695 /* Frameworks */ = {
			isa = PBXFrameworksBuildPhase;
			buildActionMask = 2147483647;
			files = (
				87A23B5BD4A0ABC748DA8150 /* libPods-XinSystem.a in Frameworks */,
			);
			runOnlyForDeploymentPostprocessing = 0;
		};
/* End PBXFrameworksBuildPhase section */

/* Begin PBXGroup section */
		28CA307F40C636E768255EEE /* Frameworks */ = {
			isa = PBXGroup;
			children = (
				0A9ABF35C41BD49DF086AA91 /* libPods-XinSystem.a */,
			);
			name = Frameworks;
			sourceTree = "<group>";
		};
		84102D732160AC24007E1396 /* View */ = {
			isa = PBXGroup;
			children = (
				84102D742160AC69007E1396 /* DatePickerView.h */,
				84102D752160AC69007E1396 /* DatePickerView.m */,
				84102D772160AC78007E1396 /* MoneyPickerView.h */,
				84102D782160AC78007E1396 /* MoneyPickerView.m */,
				847D833F219E99D0001C40F2 /* TimePickerView.h */,
				847D8340219E99D0001C40F2 /* TimePickerView.m */,
				84102D7F216B673D007E1396 /* RoomDatePickerView.h */,
				84102D80216B673D007E1396 /* RoomDatePickerView.m */,
				841556CB217729D10007590B /* TimeLabelView.h */,
				841556CC217729D10007590B /* TimeLabelView.m */,
				841556CE21784EBA0007590B /* FSCalenarView.h */,
				841556CF21784EBA0007590B /* FSCalenarView.m */,
				849BBD4E2191486D00294C4D /* LaunchView.h */,
				849BBD4F2191486D00294C4D /* LaunchView.m */,
				84E64AF921AF8685009302D7 /* BlueToothView.h */,
				84E64AFA21AF8685009302D7 /* BlueToothView.m */,
			);
			path = View;
			sourceTree = "<group>";
		};
		84102D7A2160AD81007E1396 /* Define */ = {
			isa = PBXGroup;
			children = (
				84102D7B2160AD9A007E1396 /* Header.h */,
				84102D7C2160ADDF007E1396 /* PrefixHeader.pch */,
			);
			path = Define;
			sourceTree = "<group>";
		};
		841FA69921533930001D5695 = {
			isa = PBXGroup;
			children = (
				841FA6A421533930001D5695 /* XinSystem */,
				841FA6A321533930001D5695 /* Products */,
				D855FCF8103978D7987C83EA /* Pods */,
				28CA307F40C636E768255EEE /* Frameworks */,
			);
			sourceTree = "<group>";
		};
		841FA6A321533930001D5695 /* Products */ = {
			isa = PBXGroup;
			children = (
				841FA6A221533930001D5695 /* XinSystem.app */,
			);
			name = Products;
			sourceTree = "<group>";
		};
		841FA6A421533930001D5695 /* XinSystem */ = {
			isa = PBXGroup;
			children = (
				84E64AFC21AF9756009302D7 /* HLBluetooth */,
				843A0A1F2170411200A34A0B /* Util */,
				84102D732160AC24007E1396 /* View */,
				84102D7A2160AD81007E1396 /* Define */,
				841FA6A521533930001D5695 /* AppDelegate.h */,
				841FA6A621533930001D5695 /* AppDelegate.m */,
				841FA6A821533930001D5695 /* ViewController.h */,
				841FA6A921533930001D5695 /* ViewController.m */,
				841FA6AB21533930001D5695 /* Main.storyboard */,
				841FA6AE21533932001D5695 /* Assets.xcassets */,
				841FA6B021533932001D5695 /* LaunchScreen.storyboard */,
				841FA6B321533932001D5695 /* Info.plist */,
				841FA6B421533932001D5695 /* main.m */,
			);
			path = XinSystem;
			sourceTree = "<group>";
		};
		843A0A1F2170411200A34A0B /* Util */ = {
			isa = PBXGroup;
			children = (
				8415B64B216F5497008DCD7C /* SKWebView.h */,
				8415B64C216F5497008DCD7C /* SKWebView.m */,
				8415B649216F5472008DCD7C /* WKWebViewConfiguration+Console.h */,
				8415B648216F5472008DCD7C /* WKWebViewConfiguration+Console.m */,
				84E64B1D21AFA8CF009302D7 /* CuteAlert.h */,
				84E64B1E21AFA8CF009302D7 /* CuteAlert.m */,
			);
			path = Util;
			sourceTree = "<group>";
		};
		84E64AFC21AF9756009302D7 /* HLBluetooth */ = {
			isa = PBXGroup;
			children = (
				84E64AFD21AF9756009302D7 /* HLBluetooth */,
				84E64B0121AF9756009302D7 /* SVProgressHUD */,
				84E64B0C21AF9756009302D7 /* HLPrinter */,
			);
			path = HLBluetooth;
			sourceTree = "<group>";
		};
		84E64AFD21AF9756009302D7 /* HLBluetooth */ = {
			isa = PBXGroup;
			children = (
				84E64AFE21AF9756009302D7 /* HLBLEConst.h */,
				84E64AFF21AF9756009302D7 /* HLBLEManager.m */,
				84E64B0021AF9756009302D7 /* HLBLEManager.h */,
			);
			path = HLBluetooth;
			sourceTree = "<group>";
		};
		84E64B0121AF9756009302D7 /* SVProgressHUD */ = {
			isa = PBXGroup;
			children = (
				84E64B0221AF9756009302D7 /* SVRadialGradientLayer.m */,
				84E64B0321AF9756009302D7 /* SVIndefiniteAnimatedView.h */,
				84E64B0421AF9756009302D7 /* SVProgressHUD.h */,
				84E64B0521AF9756009302D7 /* SVProgressAnimatedView.m */,
				84E64B0621AF9756009302D7 /* SVProgressHUD-Prefix.pch */,
				84E64B0721AF9756009302D7 /* SVRadialGradientLayer.h */,
				84E64B0821AF9756009302D7 /* SVProgressHUD.m */,
				84E64B0921AF9756009302D7 /* SVIndefiniteAnimatedView.m */,
				84E64B0A21AF9756009302D7 /* SVProgressHUD.bundle */,
				84E64B0B21AF9756009302D7 /* SVProgressAnimatedView.h */,
			);
			path = SVProgressHUD;
			sourceTree = "<group>";
		};
		84E64B0C21AF9756009302D7 /* HLPrinter */ = {
			isa = PBXGroup;
			children = (
				84E64B0D21AF9756009302D7 /* HLPrinter.m */,
				84E64B0E21AF9756009302D7 /* UIImage+Bitmap.h */,
				84E64B0F21AF9756009302D7 /* UIImage+Bitmap.m */,
				84E64B1021AF9756009302D7 /* HLPrinter.h */,
			);
			path = HLPrinter;
			sourceTree = "<group>";
		};
		D855FCF8103978D7987C83EA /* Pods */ = {
			isa = PBXGroup;
			children = (
				5B8288276CCB0C5764839458 /* Pods-XinSystem.debug.xcconfig */,
				D45B45D036DCCC17741B2971 /* Pods-XinSystem.release.xcconfig */,
			);
			name = Pods;
			sourceTree = "<group>";
		};
/* End PBXGroup section */

/* Begin PBXNativeTarget section */
		841FA6A121533930001D5695 /* XinSystem */ = {
			isa = PBXNativeTarget;
			buildConfigurationList = 841FA6B821533932001D5695 /* Build configuration list for PBXNativeTarget "XinSystem" */;
			buildPhases = (
				B65A860297F38AFF4370A07D /* [CP] Check Pods Manifest.lock */,
				841FA69E21533930001D5695 /* Sources */,
				841FA69F21533930001D5695 /* Frameworks */,
				841FA6A021533930001D5695 /* Resources */,
			);
			buildRules = (
			);
			dependencies = (
			);
			name = XinSystem;
			productName = XinSystem;
			productReference = 841FA6A221533930001D5695 /* XinSystem.app */;
			productType = "com.apple.product-type.application";
		};
/* End PBXNativeTarget section */

/* Begin PBXProject section */
		841FA69A21533930001D5695 /* Project object */ = {
			isa = PBXProject;
			attributes = {
				LastUpgradeCheck = 0940;
				ORGANIZATIONNAME = admin;
				TargetAttributes = {
					841FA6A121533930001D5695 = {
						CreatedOnToolsVersion = 9.4.1;
					};
				};
			};
			buildConfigurationList = 841FA69D21533930001D5695 /* Build configuration list for PBXProject "XinSystem" */;
			compatibilityVersion = "Xcode 10.0";
			developmentRegion = en;
			hasScannedForEncodings = 0;
			knownRegions = (
				en,
				Base,
			);
			mainGroup = 841FA69921533930001D5695;
			productRefGroup = 841FA6A321533930001D5695 /* Products */;
			projectDirPath = "";
			projectRoot = "";
			targets = (
				841FA6A121533930001D5695 /* XinSystem */,
			);
		};
/* End PBXProject section */

/* Begin PBXResourcesBuildPhase section */
		841FA6A021533930001D5695 /* Resources */ = {
			isa = PBXResourcesBuildPhase;
			buildActionMask = 2147483647;
			files = (
				841FA6B221533932001D5695 /* LaunchScreen.storyboard in Resources */,
				841FA6AF21533932001D5695 /* Assets.xcassets in Resources */,
				841FA6AD21533930001D5695 /* Main.storyboard in Resources */,
				84E64B1621AF9756009302D7 /* SVProgressHUD.bundle in Resources */,
			);
			runOnlyForDeploymentPostprocessing = 0;
		};
/* End PBXResourcesBuildPhase section */

/* Begin PBXShellScriptBuildPhase section */
		B65A860297F38AFF4370A07D /* [CP] Check Pods Manifest.lock */ = {
			isa = PBXShellScriptBuildPhase;
			buildActionMask = 2147483647;
			files = (
			);
			inputPaths = (
				"${PODS_PODFILE_DIR_PATH}/Podfile.lock",
				"${PODS_ROOT}/Manifest.lock",
			);
			name = "[CP] Check Pods Manifest.lock";
			outputPaths = (
				"$(DERIVED_FILE_DIR)/Pods-XinSystem-checkManifestLockResult.txt",
			);
			runOnlyForDeploymentPostprocessing = 0;
			shellPath = /bin/sh;
			shellScript = "diff \"${PODS_PODFILE_DIR_PATH}/Podfile.lock\" \"${PODS_ROOT}/Manifest.lock\" > /dev/null\nif [ $? != 0 ] ; then\n    # print error to STDERR\n    echo \"error: The sandbox is not in sync with the Podfile.lock. Run 'pod install' or update your CocoaPods installation.\" >&2\n    exit 1\nfi\n# This output is used by Xcode 'outputs' to avoid re-running this script phase.\necho \"SUCCESS\" > \"${SCRIPT_OUTPUT_FILE_0}\"\n";
			showEnvVarsInLog = 0;
		};
/* End PBXShellScriptBuildPhase section */

/* Begin PBXSourcesBuildPhase section */
		841FA69E21533930001D5695 /* Sources */ = {
			isa = PBXSourcesBuildPhase;
			buildActionMask = 2147483647;
			files = (
				8415B64A216F5472008DCD7C /* WKWebViewConfiguration+Console.m in Sources */,
				849BBD502191486D00294C4D /* LaunchView.m in Sources */,
				84102D762160AC69007E1396 /* DatePickerView.m in Sources */,
				847D8341219E99D0001C40F2 /* TimePickerView.m in Sources */,
				84E64B1721AF9756009302D7 /* HLPrinter.m in Sources */,
				84E64B1221AF9756009302D7 /* SVRadialGradientLayer.m in Sources */,
				84E64B1421AF9756009302D7 /* SVProgressHUD.m in Sources */,
				841556D021784EBA0007590B /* FSCalenarView.m in Sources */,
				84102D81216B673D007E1396 /* RoomDatePickerView.m in Sources */,
				841FA6AA21533930001D5695 /* ViewController.m in Sources */,
				84E64B1121AF9756009302D7 /* HLBLEManager.m in Sources */,
				841FA6B521533932001D5695 /* main.m in Sources */,
				84E64B1821AF9756009302D7 /* UIImage+Bitmap.m in Sources */,
				84E64B1F21AFA8CF009302D7 /* CuteAlert.m in Sources */,
				84E64B1521AF9756009302D7 /* SVIndefiniteAnimatedView.m in Sources */,
				8415B64D216F5497008DCD7C /* SKWebView.m in Sources */,
				841FA6A721533930001D5695 /* AppDelegate.m in Sources */,
				841556CD217729D10007590B /* TimeLabelView.m in Sources */,
				84102D792160AC78007E1396 /* MoneyPickerView.m in Sources */,
				84E64AFB21AF8685009302D7 /* BlueToothView.m in Sources */,
				84E64B1321AF9756009302D7 /* SVProgressAnimatedView.m in Sources */,
			);
			runOnlyForDeploymentPostprocessing = 0;
		};
/* End PBXSourcesBuildPhase section */

/* Begin PBXVariantGroup section */
		841FA6AB21533930001D5695 /* Main.storyboard */ = {
			isa = PBXVariantGroup;
			children = (
				841FA6AC21533930001D5695 /* Base */,
			);
			name = Main.storyboard;
			sourceTree = "<group>";
		};
		841FA6B021533932001D5695 /* LaunchScreen.storyboard */ = {
			isa = PBXVariantGroup;
			children = (
				841FA6B121533932001D5695 /* Base */,
			);
			name = LaunchScreen.storyboard;
			sourceTree = "<group>";
		};
/* End PBXVariantGroup section */

/* Begin XCBuildConfiguration section */
		841FA6B621533932001D5695 /* Debug */ = {
			isa = XCBuildConfiguration;
			buildSettings = {
				ALWAYS_SEARCH_USER_PATHS = NO;
				CLANG_ANALYZER_NONNULL = YES;
				CLANG_ANALYZER_NUMBER_OBJECT_CONVERSION = YES_AGGRESSIVE;
				CLANG_CXX_LANGUAGE_STANDARD = "gnu++14";
				CLANG_CXX_LIBRARY = "libc++";
				CLANG_ENABLE_MODULES = YES;
				CLANG_ENABLE_OBJC_ARC = YES;
				CLANG_ENABLE_OBJC_WEAK = YES;
				CLANG_WARN_BLOCK_CAPTURE_AUTORELEASING = YES;
				CLANG_WARN_BOOL_CONVERSION = YES;
				CLANG_WARN_COMMA = YES;
				CLANG_WARN_CONSTANT_CONVERSION = YES;
				CLANG_WARN_DEPRECATED_OBJC_IMPLEMENTATIONS = YES;
				CLANG_WARN_DIRECT_OBJC_ISA_USAGE = YES_ERROR;
				CLANG_WARN_DOCUMENTATION_COMMENTS = YES;
				CLANG_WARN_EMPTY_BODY = YES;
				CLANG_WARN_ENUM_CONVERSION = YES;
				CLANG_WARN_INFINITE_RECURSION = YES;
				CLANG_WARN_INT_CONVERSION = YES;
				CLANG_WARN_NON_LITERAL_NULL_CONVERSION = YES;
				CLANG_WARN_OBJC_IMPLICIT_RETAIN_SELF = YES;
				CLANG_WARN_OBJC_LITERAL_CONVERSION = YES;
				CLANG_WARN_OBJC_ROOT_CLASS = YES_ERROR;
				CLANG_WARN_RANGE_LOOP_ANALYSIS = YES;
				CLANG_WARN_STRICT_PROTOTYPES = YES;
				CLANG_WARN_SUSPICIOUS_MOVE = YES;
				CLANG_WARN_UNGUARDED_AVAILABILITY = YES_AGGRESSIVE;
				CLANG_WARN_UNREACHABLE_CODE = YES;
				CLANG_WARN__DUPLICATE_METHOD_MATCH = YES;
				CODE_SIGN_IDENTITY = "iPhone Developer";
				COPY_PHASE_STRIP = NO;
				DEBUG_INFORMATION_FORMAT = dwarf;
				ENABLE_STRICT_OBJC_MSGSEND = YES;
				ENABLE_TESTABILITY = YES;
				GCC_C_LANGUAGE_STANDARD = gnu11;
				GCC_DYNAMIC_NO_PIC = NO;
				GCC_NO_COMMON_BLOCKS = YES;
				GCC_OPTIMIZATION_LEVEL = 0;
				GCC_PREPROCESSOR_DEFINITIONS = (
					"DEBUG=1",
					"$(inherited)",
				);
				GCC_WARN_64_TO_32_BIT_CONVERSION = YES;
				GCC_WARN_ABOUT_RETURN_TYPE = YES_ERROR;
				GCC_WARN_UNDECLARED_SELECTOR = YES;
				GCC_WARN_UNINITIALIZED_AUTOS = YES_AGGRESSIVE;
				GCC_WARN_UNUSED_FUNCTION = YES;
				GCC_WARN_UNUSED_VARIABLE = YES;
				IPHONEOS_DEPLOYMENT_TARGET = 11.4;
				MTL_ENABLE_DEBUG_INFO = YES;
				ONLY_ACTIVE_ARCH = YES;
				SDKROOT = iphoneos;
			};
			name = Debug;
		};
		841FA6B721533932001D5695 /* Release */ = {
			isa = XCBuildConfiguration;
			buildSettings = {
				ALWAYS_SEARCH_USER_PATHS = NO;
				CLANG_ANALYZER_NONNULL = YES;
				CLANG_ANALYZER_NUMBER_OBJECT_CONVERSION = YES_AGGRESSIVE;
				CLANG_CXX_LANGUAGE_STANDARD = "gnu++14";
				CLANG_CXX_LIBRARY = "libc++";
				CLANG_ENABLE_MODULES = YES;
				CLANG_ENABLE_OBJC_ARC = YES;
				CLANG_ENABLE_OBJC_WEAK = YES;
				CLANG_WARN_BLOCK_CAPTURE_AUTORELEASING = YES;
				CLANG_WARN_BOOL_CONVERSION = YES;
				CLANG_WARN_COMMA = YES;
				CLANG_WARN_CONSTANT_CONVERSION = YES;
				CLANG_WARN_DEPRECATED_OBJC_IMPLEMENTATIONS = YES;
				CLANG_WARN_DIRECT_OBJC_ISA_USAGE = YES_ERROR;
				CLANG_WARN_DOCUMENTATION_COMMENTS = YES;
				CLANG_WARN_EMPTY_BODY = YES;
				CLANG_WARN_ENUM_CONVERSION = YES;
				CLANG_WARN_INFINITE_RECURSION = YES;
				CLANG_WARN_INT_CONVERSION = YES;
				CLANG_WARN_NON_LITERAL_NULL_CONVERSION = YES;
				CLANG_WARN_OBJC_IMPLICIT_RETAIN_SELF = YES;
				CLANG_WARN_OBJC_LITERAL_CONVERSION = YES;
				CLANG_WARN_OBJC_ROOT_CLASS = YES_ERROR;
				CLANG_WARN_RANGE_LOOP_ANALYSIS = YES;
				CLANG_WARN_STRICT_PROTOTYPES = YES;
				CLANG_WARN_SUSPICIOUS_MOVE = YES;
				CLANG_WARN_UNGUARDED_AVAILABILITY = YES_AGGRESSIVE;
				CLANG_WARN_UNREACHABLE_CODE = YES;
				CLANG_WARN__DUPLICATE_METHOD_MATCH = YES;
				CODE_SIGN_IDENTITY = "iPhone Developer";
				COPY_PHASE_STRIP = NO;
				DEBUG_INFORMATION_FORMAT = "dwarf-with-dsym";
				ENABLE_NS_ASSERTIONS = NO;
				ENABLE_STRICT_OBJC_MSGSEND = YES;
				GCC_C_LANGUAGE_STANDARD = gnu11;
				GCC_NO_COMMON_BLOCKS = YES;
				GCC_WARN_64_TO_32_BIT_CONVERSION = YES;
				GCC_WARN_ABOUT_RETURN_TYPE = YES_ERROR;
				GCC_WARN_UNDECLARED_SELECTOR = YES;
				GCC_WARN_UNINITIALIZED_AUTOS = YES_AGGRESSIVE;
				GCC_WARN_UNUSED_FUNCTION = YES;
				GCC_WARN_UNUSED_VARIABLE = YES;
				IPHONEOS_DEPLOYMENT_TARGET = 11.4;
				MTL_ENABLE_DEBUG_INFO = NO;
				SDKROOT = iphoneos;
				VALIDATE_PRODUCT = YES;
			};
			name = Release;
		};
		841FA6B921533932001D5695 /* Debug */ = {
			isa = XCBuildConfiguration;
			baseConfigurationReference = 5B8288276CCB0C5764839458 /* Pods-XinSystem.debug.xcconfig */;
			buildSettings = {
				ASSETCATALOG_COMPILER_APPICON_NAME = AppIcon;
				CODE_SIGN_STYLE = Automatic;
				DEVELOPMENT_TEAM = 22MKG4BGTP;
				GCC_PRECOMPILE_PREFIX_HEADER = YES;
				GCC_PREFIX_HEADER = "/Users/jitengjiao/Desktop/MyResposity/BestTry-2019/2019-4-1/XinSystem/XinSystem/Define/PrefixHeader.pch";
				INFOPLIST_FILE = XinSystem/Info.plist;
				IPHONEOS_DEPLOYMENT_TARGET = 9.0;
				LD_RUNPATH_SEARCH_PATHS = (
					"$(inherited)",
					"@executable_path/Frameworks",
				);
				ONLY_ACTIVE_ARCH = YES;
				PRODUCT_BUNDLE_IDENTIFIER = com.Xinmuyun.XinSpaceTestShit;
				PRODUCT_NAME = "$(TARGET_NAME)";
				TARGETED_DEVICE_FAMILY = 2;
			};
			name = Debug;
		};
		841FA6BA21533932001D5695 /* Release */ = {
			isa = XCBuildConfiguration;
			baseConfigurationReference = D45B45D036DCCC17741B2971 /* Pods-XinSystem.release.xcconfig */;
			buildSettings = {
				ASSETCATALOG_COMPILER_APPICON_NAME = AppIcon;
				CODE_SIGN_STYLE = Automatic;
				DEVELOPMENT_TEAM = 22MKG4BGTP;
				GCC_PRECOMPILE_PREFIX_HEADER = YES;
				GCC_PREFIX_HEADER = "/Users/jitengjiao/Desktop/MyResposity/BestTry-2019/2019-4-1/XinSystem/XinSystem/Define/PrefixHeader.pch";
				INFOPLIST_FILE = XinSystem/Info.plist;
				IPHONEOS_DEPLOYMENT_TARGET = 9.0;
				LD_RUNPATH_SEARCH_PATHS = (
					"$(inherited)",
					"@executable_path/Frameworks",
				);
				ONLY_ACTIVE_ARCH = NO;
				PRODUCT_BUNDLE_IDENTIFIER = com.Xinmuyun.XinSpaceTestShit;
				PRODUCT_NAME = "$(TARGET_NAME)";
				TARGETED_DEVICE_FAMILY = 2;
			};
			name = Release;
		};
/* End XCBuildConfiguration section */

/* Begin XCConfigurationList section */
		841FA69D21533930001D5695 /* Build configuration list for PBXProject "XinSystem" */ = {
			isa = XCConfigurationList;
			buildConfigurations = (
				841FA6B621533932001D5695 /* Debug */,
				841FA6B721533932001D5695 /* Release */,
			);
			defaultConfigurationIsVisible = 0;
			defaultConfigurationName = Release;
		};
		841FA6B821533932001D5695 /* Build configuration list for PBXNativeTarget "XinSystem" */ = {
			isa = XCConfigurationList;
			buildConfigurations = (
				841FA6B921533932001D5695 /* Debug */,
				841FA6BA21533932001D5695 /* Release */,
			);
			defaultConfigurationIsVisible = 0;
			defaultConfigurationName = Release;
		};
/* End XCConfigurationList section */
	};
	rootObject = 841FA69A21533930001D5695 /* Project object */;
}
